
Microsoft Visual Studio Solution File, Format Version 12.00
# Visual Studio 2013
VisualStudioVersion = 12.0.21005.1
MinimumVisualStudioVersion = 10.0.40219.1
Project("{8BC9CEB8-8B4A-11D0-8D11-00A0C91BC942}") = "sqlite", "sqlite\sqlite.vcxproj", "{21405980-11BC-4A1B-9DA7-3B7BFE10BD01}"
EndProject
Project("{8BC9CEB8-8B4A-11D0-8D11-00A0C91BC942}") = "MIDI_remap", "MIDI_remap\MIDI_remap.vcxproj", "{24DD84B2-00E5-478B-A94C-09B5B6CBEE5D}"
EndProject
Global
	GlobalSection(SolutionConfigurationPlatforms) = preSolution
		Debug|Win32 = Debug|Win32
		Release|Win32 = Release|Win32
		win8.1|Win32 = win8.1|Win32
	EndGlobalSection
	GlobalSection(ProjectConfigurationPlatforms) = postSolution
		{21405980-11BC-4A1B-9DA7-3B7BFE10BD01}.Debug|Win32.ActiveCfg = Debug|Win32
		{21405980-11BC-4A1B-9DA7-3B7BFE10BD01}.Debug|Win32.Build.0 = Debug|Win32
		{21405980-11BC-4A1B-9DA7-3B7BFE10BD01}.Release|Win32.ActiveCfg = Release|Win32
		{21405980-11BC-4A1B-9DA7-3B7BFE10BD01}.Release|Win32.Build.0 = Release|Win32
		{21405980-11BC-4A1B-9DA7-3B7BFE10BD01}.win8.1|Win32.ActiveCfg = win8.1|Win32
		{21405980-11BC-4A1B-9DA7-3B7BFE10BD01}.win8.1|Win32.Build.0 = win8.1|Win32
		{24DD84B2-00E5-478B-A94C-09B5B6CBEE5D}.Debug|Win32.ActiveCfg = Debug|Win32
		{24DD84B2-00E5-478B-A94C-09B5B6CBEE5D}.Debug|Win32.Build.0 = Debug|Win32
		{24DD84B2-00E5-478B-A94C-09B5B6CBEE5D}.Release|Win32.ActiveCfg = Release|Win32
		{24DD84B2-00E5-478B-A94C-09B5B6CBEE5D}.Release|Win32.Build.0 = Release|Win32
		{24DD84B2-00E5-478B-A94C-09B5B6CBEE5D}.win8.1|Win32.ActiveCfg = win8.1|Win32
		{24DD84B2-00E5-478B-A94C-09B5B6CBEE5D}.win8.1|Win32.Build.0 = win8.1|Win32
	EndGlobalSection
	GlobalSection(SolutionProperties) = preSolution
		HideSolutionNode = FALSE
	EndGlobalSection
EndGlobal
