<?xml version="1.0" encoding="utf-8"?>
<Project ToolsVersion="4.0" xmlns="http://schemas.microsoft.com/developer/msbuild/2003">
  <ItemGroup>
    <ClCompile Include="Action_key.cpp">
      <Filter>src</Filter>
    </ClCompile>
    <ClCompile Include="Job.cpp">
      <Filter>src</Filter>
    </ClCompile>
    <ClCompile Include="MIDI_Device.cpp">
      <Filter>src</Filter>
    </ClCompile>
    <ClCompile Include="MIDI_Fighter.cpp">
      <Filter>src</Filter>
    </ClCompile>
    <ClCompile Include="MIDI_Launchpad.cpp">
      <Filter>src</Filter>
    </ClCompile>
    <ClCompile Include="MIDI_remap.cpp">
      <Filter>src</Filter>
    </ClCompile>
    <ClCompile Include="stdafx.cpp">
      <Filter>src</Filter>
    </ClCompile>
    <ClCompile Include="WorkerThread.cpp">
      <Filter>src</Filter>
    </ClCompile>
    <ClCompile Include="WorkerThreadPool.cpp">
      <Filter>src</Filter>
    </ClCompile>
  </ItemGroup>
  <ItemGroup>
    <ClInclude Include="Action.h">
      <Filter>Headers</Filter>
    </ClInclude>
    <ClInclude Include="Job.h">
      <Filter>Headers</Filter>
    </ClInclude>
    <ClInclude Include="MIDI_Device.h">
      <Filter>Headers</Filter>
    </ClInclude>
    <ClInclude Include="MIDI_Fighter.h">
      <Filter>Headers</Filter>
    </ClInclude>
    <ClInclude Include="MIDI_Launchpad.h">
      <Filter>Headers</Filter>
    </ClInclude>
    <ClInclude Include="stdafx.h">
      <Filter>Headers</Filter>
    </ClInclude>
    <ClInclude Include="targetver.h">
      <Filter>Headers</Filter>
    </ClInclude>
    <ClInclude Include="WorkerThread.h">
      <Filter>Headers</Filter>
    </ClInclude>
    <ClInclude Include="WorkerThreadPool.h">
      <Filter>Headers</Filter>
    </ClInclude>
    <ClInclude Include="Action_key.h">
      <Filter>Headers</Filter>
    </ClInclude>
  </ItemGroup>
  <ItemGroup>
    <Text Include="ReadMe.txt" />
  </ItemGroup>
  <ItemGroup>
    <Filter Include="Headers">
      <UniqueIdentifier>{c4ff28eb-e5d1-41df-b8bf-24c43dd7b73c}</UniqueIdentifier>
    </Filter>
    <Filter Include="src">
      <UniqueIdentifier>{a15712c0-4059-4957-a30f-e64d7c636763}</UniqueIdentifier>
    </Filter>
  </ItemGroup>
</Project>